
Microsoft Visual Studio Solution File, Format Version 12.00
# Visual Studio Version 16
VisualStudioVersion = 16.0.30204.135
MinimumVisualStudioVersion = 10.0.40219.1
Project("{FAE04EC0-301F-11D3-BF4B-00C04F79EFBC}") = "ALexisAleTrabajoPractico10", "ALexisAleTrabajoPractico10.csproj", "{3F9B08D8-63C2-46C4-9A77-4A490D5BD53D}"
EndProject
Global
	GlobalSection(SolutionConfigurationPlatforms) = preSolution
		Debug|Any CPU = Debug|Any CPU
		Release|Any CPU = Release|Any CPU
	EndGlobalSection
	GlobalSection(ProjectConfigurationPlatforms) = postSolution
		{3F9B08D8-63C2-46C4-9A77-4A490D5BD53D}.Debug|Any CPU.ActiveCfg = Debug|Any CPU
		{3F9B08D8-63C2-46C4-9A77-4A490D5BD53D}.Debug|Any CPU.Build.0 = Debug|Any CPU
		{3F9B08D8-63C2-46C4-9A77-4A490D5BD53D}.Release|Any CPU.ActiveCfg = Release|Any CPU
		{3F9B08D8-63C2-46C4-9A77-4A490D5BD53D}.Release|Any CPU.Build.0 = Release|Any CPU
	EndGlobalSection
	GlobalSection(SolutionProperties) = preSolution
		HideSolutionNode = FALSE
	EndGlobalSection
	GlobalSection(ExtensibilityGlobals) = postSolution
		SolutionGuid = {D0E53BF8-83A9-4F99-8912-645271A7458E}
	EndGlobalSection
EndGlobal
